
Microsoft Visual Studio Solution File, Format Version 12.00
# Visual Studio Version 16
VisualStudioVersion = 16.0.30523.141
MinimumVisualStudioVersion = 10.0.40219.1
Project("{FAE04EC0-301F-11D3-BF4B-00C04F79EFBC}") = "ChangeNet", "ChangeNet\ChangeNet.csproj", "{DC930778-C88C-4A56-B79D-775AD8D4157E}"
EndProject
Global
	GlobalSection(SolutionConfigurationPlatforms) = preSolution
		Debug|x86 = Debug|x86
		Release|x86 = Release|x86
	EndGlobalSection
	GlobalSection(ProjectConfigurationPlatforms) = postSolution
		{DC930778-C88C-4A56-B79D-775AD8D4157E}.Debug|x86.ActiveCfg = Debug|x86
		{DC930778-C88C-4A56-B79D-775AD8D4157E}.Debug|x86.Build.0 = Debug|x86
		{DC930778-C88C-4A56-B79D-775AD8D4157E}.Release|x86.ActiveCfg = Release|x86
		{DC930778-C88C-4A56-B79D-775AD8D4157E}.Release|x86.Build.0 = Release|x86
	EndGlobalSection
	GlobalSection(SolutionProperties) = preSolution
		HideSolutionNode = FALSE
	EndGlobalSection
	GlobalSection(ExtensibilityGlobals) = postSolution
		SolutionGuid = {B7ED3266-BE3A-43AF-B3BF-D587FCAEE19D}
	EndGlobalSection
EndGlobal
